// !$*UTF8*$!
{
	archiveVersion = 1;
	classes = {
	};
	objectVersion = 51;
	objects = {

/* Begin PBXBuildFile section */
		04393C8825E8D86A001ED80A /* CoreDataManager.swift in Sources */ = {isa = PBXBuildFile; fileRef = 04393C8725E8D86A001ED80A /* CoreDataManager.swift */; };
		04393C9025E8F300001ED80A /* CustomTextFields.swift in Sources */ = {isa = PBXBuildFile; fileRef = 04393C8F25E8F300001ED80A /* CustomTextFields.swift */; };
		04393C9525E8F3B9001ED80A /* AddVehicleVC.swift in Sources */ = {isa = PBXBuildFile; fileRef = 04393C9425E8F3B9001ED80A /* AddVehicleVC.swift */; };
		04393CA225E917AA001ED80A /* RCViewController.swift in Sources */ = {isa = PBXBuildFile; fileRef = 04393CA125E917AA001ED80A /* RCViewController.swift */; };
		044656882600B5910041679F /* LoadingOverLay.swift in Sources */ = {isa = PBXBuildFile; fileRef = 044656872600B5910041679F /* LoadingOverLay.swift */; };
		0457C2FE25F637B4006CAC2A /* UIImage + Extension.swift in Sources */ = {isa = PBXBuildFile; fileRef = 0457C2FD25F637B4006CAC2A /* UIImage + Extension.swift */; };
		04599FB925EA159400C71E2B /* InsuranceViewController.swift in Sources */ = {isa = PBXBuildFile; fileRef = 04599FB825EA159400C71E2B /* InsuranceViewController.swift */; };
		04599FBC25EA15B200C71E2B /* PollutionViewController.swift in Sources */ = {isa = PBXBuildFile; fileRef = 04599FBB25EA15B200C71E2B /* PollutionViewController.swift */; };
		04599FBF25EA160700C71E2B /* ServicingViewController.swift in Sources */ = {isa = PBXBuildFile; fileRef = 04599FBE25EA160700C71E2B /* ServicingViewController.swift */; };
		04599FC225EA164100C71E2B /* BatteryViewController.swift in Sources */ = {isa = PBXBuildFile; fileRef = 04599FC125EA164100C71E2B /* BatteryViewController.swift */; };
		04599FC525EA3B4A00C71E2B /* CustomImageView.swift in Sources */ = {isa = PBXBuildFile; fileRef = 04599FC425EA3B4A00C71E2B /* CustomImageView.swift */; };
		04599FCA25EA42F500C71E2B /* UIViewController + Extensions.swift in Sources */ = {isa = PBXBuildFile; fileRef = 04599FC925EA42F500C71E2B /* UIViewController + Extensions.swift */; };
		04BC983825EF869600DBB9FA /* VehicleDetailsVC.swift in Sources */ = {isa = PBXBuildFile; fileRef = 04BC983725EF869600DBB9FA /* VehicleDetailsVC.swift */; };
		04BC983D25EF870000DBB9FA /* InsuranceCell.swift in Sources */ = {isa = PBXBuildFile; fileRef = 04BC983C25EF870000DBB9FA /* InsuranceCell.swift */; };
		04BC984025EF871B00DBB9FA /* RCDetailsCell.swift in Sources */ = {isa = PBXBuildFile; fileRef = 04BC983F25EF871B00DBB9FA /* RCDetailsCell.swift */; };
		04BC984325EF872700DBB9FA /* PollutionCell.swift in Sources */ = {isa = PBXBuildFile; fileRef = 04BC984225EF872700DBB9FA /* PollutionCell.swift */; };
		04BC984625EF874500DBB9FA /* ServicingDetailsCell.swift in Sources */ = {isa = PBXBuildFile; fileRef = 04BC984525EF874500DBB9FA /* ServicingDetailsCell.swift */; };
		65863D3625E3B1860075DC6C /* AppDelegate.swift in Sources */ = {isa = PBXBuildFile; fileRef = 65863D3525E3B1860075DC6C /* AppDelegate.swift */; };
		65863D3825E3B1860075DC6C /* SceneDelegate.swift in Sources */ = {isa = PBXBuildFile; fileRef = 65863D3725E3B1860075DC6C /* SceneDelegate.swift */; };
		65863D3D25E3B1870075DC6C /* Main.storyboard in Resources */ = {isa = PBXBuildFile; fileRef = 65863D3B25E3B1870075DC6C /* Main.storyboard */; };
		65863D4025E3B1870075DC6C /* MyWheels.xcdatamodeld in Sources */ = {isa = PBXBuildFile; fileRef = 65863D3E25E3B1870075DC6C /* MyWheels.xcdatamodeld */; };
		65863D4225E3B1B90075DC6C /* Assets.xcassets in Resources */ = {isa = PBXBuildFile; fileRef = 65863D4125E3B1B90075DC6C /* Assets.xcassets */; };
		65863D4525E3B1B90075DC6C /* LaunchScreen.storyboard in Resources */ = {isa = PBXBuildFile; fileRef = 65863D4325E3B1B90075DC6C /* LaunchScreen.storyboard */; };
		65863D4E25E3B78B0075DC6C /* Constants.swift in Sources */ = {isa = PBXBuildFile; fileRef = 65863D4D25E3B78B0075DC6C /* Constants.swift */; };
		65863D5B25E4E2550075DC6C /* HomeVC.swift in Sources */ = {isa = PBXBuildFile; fileRef = 65863D5A25E4E2550075DC6C /* HomeVC.swift */; };
		65863D5E25E4E4F20075DC6C /* MenuVC.swift in Sources */ = {isa = PBXBuildFile; fileRef = 65863D5D25E4E4F20075DC6C /* MenuVC.swift */; };
		65B858AD25E8B6AA008E8DDC /* HomeTableViewCell.swift in Sources */ = {isa = PBXBuildFile; fileRef = 65B858AC25E8B6AA008E8DDC /* HomeTableViewCell.swift */; };
		65BB2E5125E7B8A4003FBC89 /* MenuTableViewCell.swift in Sources */ = {isa = PBXBuildFile; fileRef = 65BB2E5025E7B8A4003FBC89 /* MenuTableViewCell.swift */; };
		7DFC2E49033E3A850BD7BAE2 /* Pods_MyWheels.framework in Frameworks */ = {isa = PBXBuildFile; fileRef = FD50A542AECA478DA2628AA3 /* Pods_MyWheels.framework */; };
/* End PBXBuildFile section */

/* Begin PBXFileReference section */
		04393C8725E8D86A001ED80A /* CoreDataManager.swift */ = {isa = PBXFileReference; lastKnownFileType = sourcecode.swift; path = CoreDataManager.swift; sourceTree = "<group>"; };
		04393C8F25E8F300001ED80A /* CustomTextFields.swift */ = {isa = PBXFileReference; lastKnownFileType = sourcecode.swift; path = CustomTextFields.swift; sourceTree = "<group>"; };
		04393C9425E8F3B9001ED80A /* AddVehicleVC.swift */ = {isa = PBXFileReference; lastKnownFileType = sourcecode.swift; path = AddVehicleVC.swift; sourceTree = "<group>"; };
		04393CA125E917AA001ED80A /* RCViewController.swift */ = {isa = PBXFileReference; lastKnownFileType = sourcecode.swift; path = RCViewController.swift; sourceTree = "<group>"; };
		044656872600B5910041679F /* LoadingOverLay.swift */ = {isa = PBXFileReference; lastKnownFileType = sourcecode.swift; path = LoadingOverLay.swift; sourceTree = "<group>"; };
		0457C2FD25F637B4006CAC2A /* UIImage + Extension.swift */ = {isa = PBXFileReference; lastKnownFileType = sourcecode.swift; path = "UIImage + Extension.swift"; sourceTree = "<group>"; };
		04599FB825EA159400C71E2B /* InsuranceViewController.swift */ = {isa = PBXFileReference; lastKnownFileType = sourcecode.swift; path = InsuranceViewController.swift; sourceTree = "<group>"; };
		04599FBB25EA15B200C71E2B /* PollutionViewController.swift */ = {isa = PBXFileReference; lastKnownFileType = sourcecode.swift; path = PollutionViewController.swift; sourceTree = "<group>"; };
		04599FBE25EA160700C71E2B /* ServicingViewController.swift */ = {isa = PBXFileReference; lastKnownFileType = sourcecode.swift; path = ServicingViewController.swift; sourceTree = "<group>"; };
		04599FC125EA164100C71E2B /* BatteryViewController.swift */ = {isa = PBXFileReference; lastKnownFileType = sourcecode.swift; path = BatteryViewController.swift; sourceTree = "<group>"; };
		04599FC425EA3B4A00C71E2B /* CustomImageView.swift */ = {isa = PBXFileReference; lastKnownFileType = sourcecode.swift; path = CustomImageView.swift; sourceTree = "<group>"; };
		04599FC925EA42F500C71E2B /* UIViewController + Extensions.swift */ = {isa = PBXFileReference; lastKnownFileType = sourcecode.swift; path = "UIViewController + Extensions.swift"; sourceTree = "<group>"; };
		04BC983725EF869600DBB9FA /* VehicleDetailsVC.swift */ = {isa = PBXFileReference; lastKnownFileType = sourcecode.swift; path = VehicleDetailsVC.swift; sourceTree = "<group>"; };
		04BC983C25EF870000DBB9FA /* InsuranceCell.swift */ = {isa = PBXFileReference; lastKnownFileType = sourcecode.swift; path = InsuranceCell.swift; sourceTree = "<group>"; };
		04BC983F25EF871B00DBB9FA /* RCDetailsCell.swift */ = {isa = PBXFileReference; lastKnownFileType = sourcecode.swift; path = RCDetailsCell.swift; sourceTree = "<group>"; };
		04BC984225EF872700DBB9FA /* PollutionCell.swift */ = {isa = PBXFileReference; lastKnownFileType = sourcecode.swift; path = PollutionCell.swift; sourceTree = "<group>"; };
		04BC984525EF874500DBB9FA /* ServicingDetailsCell.swift */ = {isa = PBXFileReference; lastKnownFileType = sourcecode.swift; path = ServicingDetailsCell.swift; sourceTree = "<group>"; };
		320A65FD49422F81EABA5ED6 /* Pods-MyWheels.debug.xcconfig */ = {isa = PBXFileReference; includeInIndex = 1; lastKnownFileType = text.xcconfig; name = "Pods-MyWheels.debug.xcconfig"; path = "Target Support Files/Pods-MyWheels/Pods-MyWheels.debug.xcconfig"; sourceTree = "<group>"; };
		6528F0E3C49F46541B8349AE /* Pods-MyWheels.release.xcconfig */ = {isa = PBXFileReference; includeInIndex = 1; lastKnownFileType = text.xcconfig; name = "Pods-MyWheels.release.xcconfig"; path = "Target Support Files/Pods-MyWheels/Pods-MyWheels.release.xcconfig"; sourceTree = "<group>"; };
		65863D3225E3B1850075DC6C /* MyWheels.app */ = {isa = PBXFileReference; explicitFileType = wrapper.application; includeInIndex = 0; path = MyWheels.app; sourceTree = BUILT_PRODUCTS_DIR; };
		65863D3525E3B1860075DC6C /* AppDelegate.swift */ = {isa = PBXFileReference; lastKnownFileType = sourcecode.swift; path = AppDelegate.swift; sourceTree = "<group>"; };
		65863D3725E3B1860075DC6C /* SceneDelegate.swift */ = {isa = PBXFileReference; lastKnownFileType = sourcecode.swift; path = SceneDelegate.swift; sourceTree = "<group>"; };
		65863D3C25E3B1870075DC6C /* Base */ = {isa = PBXFileReference; lastKnownFileType = file.storyboard; name = Base; path = Base.lproj/Main.storyboard; sourceTree = "<group>"; };
		65863D3F25E3B1870075DC6C /* MyWheels.xcdatamodel */ = {isa = PBXFileReference; lastKnownFileType = wrapper.xcdatamodel; path = MyWheels.xcdatamodel; sourceTree = "<group>"; };
		65863D4125E3B1B90075DC6C /* Assets.xcassets */ = {isa = PBXFileReference; lastKnownFileType = folder.assetcatalog; path = Assets.xcassets; sourceTree = "<group>"; };
		65863D4425E3B1B90075DC6C /* Base */ = {isa = PBXFileReference; lastKnownFileType = file.storyboard; name = Base; path = Base.lproj/LaunchScreen.storyboard; sourceTree = "<group>"; };
		65863D4625E3B1B90075DC6C /* Info.plist */ = {isa = PBXFileReference; lastKnownFileType = text.plist.xml; path = Info.plist; sourceTree = "<group>"; };
		65863D4D25E3B78B0075DC6C /* Constants.swift */ = {isa = PBXFileReference; lastKnownFileType = sourcecode.swift; path = Constants.swift; sourceTree = "<group>"; };
		65863D5A25E4E2550075DC6C /* HomeVC.swift */ = {isa = PBXFileReference; lastKnownFileType = sourcecode.swift; path = HomeVC.swift; sourceTree = "<group>"; };
		65863D5D25E4E4F20075DC6C /* MenuVC.swift */ = {isa = PBXFileReference; lastKnownFileType = sourcecode.swift; path = MenuVC.swift; sourceTree = "<group>"; };
		65B858AC25E8B6AA008E8DDC /* HomeTableViewCell.swift */ = {isa = PBXFileReference; lastKnownFileType = sourcecode.swift; path = HomeTableViewCell.swift; sourceTree = "<group>"; };
		65BB2E5025E7B8A4003FBC89 /* MenuTableViewCell.swift */ = {isa = PBXFileReference; lastKnownFileType = sourcecode.swift; path = MenuTableViewCell.swift; sourceTree = "<group>"; };
		FD50A542AECA478DA2628AA3 /* Pods_MyWheels.framework */ = {isa = PBXFileReference; explicitFileType = wrapper.framework; includeInIndex = 0; path = Pods_MyWheels.framework; sourceTree = BUILT_PRODUCTS_DIR; };
/* End PBXFileReference section */

/* Begin PBXFrameworksBuildPhase section */
		65863D2F25E3B1850075DC6C /* Frameworks */ = {
			isa = PBXFrameworksBuildPhase;
			buildActionMask = 2147483647;
			files = (
				7DFC2E49033E3A850BD7BAE2 /* Pods_MyWheels.framework in Frameworks */,
			);
			runOnlyForDeploymentPostprocessing = 0;
		};
/* End PBXFrameworksBuildPhase section */

/* Begin PBXGroup section */
		04393C8625E8D852001ED80A /* Model */ = {
			isa = PBXGroup;
			children = (
				04393C8725E8D86A001ED80A /* CoreDataManager.swift */,
				65863D3E25E3B1870075DC6C /* MyWheels.xcdatamodeld */,
			);
			path = Model;
			sourceTree = "<group>";
		};
		04393C8E25E8F241001ED80A /* Utils */ = {
			isa = PBXGroup;
			children = (
				04393C8F25E8F300001ED80A /* CustomTextFields.swift */,
				04599FC425EA3B4A00C71E2B /* CustomImageView.swift */,
				044656872600B5910041679F /* LoadingOverLay.swift */,
			);
			path = Utils;
			sourceTree = "<group>";
		};
		04393CA025E9177C001ED80A /* PopUpControllers */ = {
			isa = PBXGroup;
			children = (
				04393CA125E917AA001ED80A /* RCViewController.swift */,
				04599FB825EA159400C71E2B /* InsuranceViewController.swift */,
				04599FBB25EA15B200C71E2B /* PollutionViewController.swift */,
				04599FBE25EA160700C71E2B /* ServicingViewController.swift */,
				04599FC125EA164100C71E2B /* BatteryViewController.swift */,
			);
			path = PopUpControllers;
			sourceTree = "<group>";
		};
		04599FC725EA42C600C71E2B /* Extensions */ = {
			isa = PBXGroup;
			children = (
				04599FC925EA42F500C71E2B /* UIViewController + Extensions.swift */,
				0457C2FD25F637B4006CAC2A /* UIImage + Extension.swift */,
			);
			path = Extensions;
			sourceTree = "<group>";
		};
		04BC983B25EF86DD00DBB9FA /* TableViewCells */ = {
			isa = PBXGroup;
			children = (
				04BC983C25EF870000DBB9FA /* InsuranceCell.swift */,
				04BC983F25EF871B00DBB9FA /* RCDetailsCell.swift */,
				04BC984225EF872700DBB9FA /* PollutionCell.swift */,
				04BC984525EF874500DBB9FA /* ServicingDetailsCell.swift */,
			);
			path = TableViewCells;
			sourceTree = "<group>";
		};
		65863D2925E3B1840075DC6C = {
			isa = PBXGroup;
			children = (
				65863D3425E3B1850075DC6C /* MyWheels */,
				65863D3325E3B1850075DC6C /* Products */,
				6E34FE23E7C9F037FABEA505 /* Pods */,
				9B22D7904E527704F391669A /* Frameworks */,
			);
			sourceTree = "<group>";
		};
		65863D3325E3B1850075DC6C /* Products */ = {
			isa = PBXGroup;
			children = (
				65863D3225E3B1850075DC6C /* MyWheels.app */,
			);
			name = Products;
			sourceTree = "<group>";
		};
		65863D3425E3B1850075DC6C /* MyWheels */ = {
			isa = PBXGroup;
			children = (
				04599FC725EA42C600C71E2B /* Extensions */,
				04393CA025E9177C001ED80A /* PopUpControllers */,
				04393C8E25E8F241001ED80A /* Utils */,
				04393C8625E8D852001ED80A /* Model */,
				65BB2E4D25E7B851003FBC89 /* Home */,
				65863D3525E3B1860075DC6C /* AppDelegate.swift */,
				65863D3725E3B1860075DC6C /* SceneDelegate.swift */,
				65863D3B25E3B1870075DC6C /* Main.storyboard */,
				65863D4125E3B1B90075DC6C /* Assets.xcassets */,
				65863D4325E3B1B90075DC6C /* LaunchScreen.storyboard */,
				65863D4625E3B1B90075DC6C /* Info.plist */,
				65863D4D25E3B78B0075DC6C /* Constants.swift */,
			);
			path = MyWheels;
			sourceTree = "<group>";
		};
		65BB2E4D25E7B851003FBC89 /* Home */ = {
			isa = PBXGroup;
			children = (
				04BC983B25EF86DD00DBB9FA /* TableViewCells */,
				65863D5D25E4E4F20075DC6C /* MenuVC.swift */,
				65863D5A25E4E2550075DC6C /* HomeVC.swift */,
				65BB2E5025E7B8A4003FBC89 /* MenuTableViewCell.swift */,
				65B858AC25E8B6AA008E8DDC /* HomeTableViewCell.swift */,
				04393C9425E8F3B9001ED80A /* AddVehicleVC.swift */,
				04BC983725EF869600DBB9FA /* VehicleDetailsVC.swift */,
			);
			path = Home;
			sourceTree = "<group>";
		};
		6E34FE23E7C9F037FABEA505 /* Pods */ = {
			isa = PBXGroup;
			children = (
				320A65FD49422F81EABA5ED6 /* Pods-MyWheels.debug.xcconfig */,
				6528F0E3C49F46541B8349AE /* Pods-MyWheels.release.xcconfig */,
			);
			path = Pods;
			sourceTree = "<group>";
		};
		9B22D7904E527704F391669A /* Frameworks */ = {
			isa = PBXGroup;
			children = (
				FD50A542AECA478DA2628AA3 /* Pods_MyWheels.framework */,
			);
			name = Frameworks;
			sourceTree = "<group>";
		};
/* End PBXGroup section */

/* Begin PBXNativeTarget section */
		65863D3125E3B1850075DC6C /* MyWheels */ = {
			isa = PBXNativeTarget;
			buildConfigurationList = 65863D4925E3B1B90075DC6C /* Build configuration list for PBXNativeTarget "MyWheels" */;
			buildPhases = (
				CDBB6F5ACA10D956BCB9E007 /* [CP] Check Pods Manifest.lock */,
				65863D2E25E3B1850075DC6C /* Sources */,
				65863D2F25E3B1850075DC6C /* Frameworks */,
				65863D3025E3B1850075DC6C /* Resources */,
				D19668DDA076F2D07A1BBA18 /* [CP] Embed Pods Frameworks */,
			);
			buildRules = (
			);
			dependencies = (
			);
			name = MyWheels;
			productName = MyWheels;
			productReference = 65863D3225E3B1850075DC6C /* MyWheels.app */;
			productType = "com.apple.product-type.application";
		};
/* End PBXNativeTarget section */

/* Begin PBXProject section */
		65863D2A25E3B1840075DC6C /* Project object */ = {
			isa = PBXProject;
			attributes = {
				LastSwiftUpdateCheck = 1210;
				LastUpgradeCheck = 1210;
				TargetAttributes = {
					65863D3125E3B1850075DC6C = {
						CreatedOnToolsVersion = 12.1;
					};
				};
			};
			buildConfigurationList = 65863D2D25E3B1840075DC6C /* Build configuration list for PBXProject "MyWheels" */;
			compatibilityVersion = "Xcode 9.3";
			developmentRegion = en;
			hasScannedForEncodings = 0;
			knownRegions = (
				en,
				Base,
			);
			mainGroup = 65863D2925E3B1840075DC6C;
			productRefGroup = 65863D3325E3B1850075DC6C /* Products */;
			projectDirPath = "";
			projectRoot = "";
			targets = (
				65863D3125E3B1850075DC6C /* MyWheels */,
			);
		};
/* End PBXProject section */

/* Begin PBXResourcesBuildPhase section */
		65863D3025E3B1850075DC6C /* Resources */ = {
			isa = PBXResourcesBuildPhase;
			buildActionMask = 2147483647;
			files = (
				65863D4525E3B1B90075DC6C /* LaunchScreen.storyboard in Resources */,
				65863D4225E3B1B90075DC6C /* Assets.xcassets in Resources */,
				65863D3D25E3B1870075DC6C /* Main.storyboard in Resources */,
			);
			runOnlyForDeploymentPostprocessing = 0;
		};
/* End PBXResourcesBuildPhase section */

/* Begin PBXShellScriptBuildPhase section */
		CDBB6F5ACA10D956BCB9E007 /* [CP] Check Pods Manifest.lock */ = {
			isa = PBXShellScriptBuildPhase;
			buildActionMask = 2147483647;
			files = (
			);
			inputFileListPaths = (
			);
			inputPaths = (
				"${PODS_PODFILE_DIR_PATH}/Podfile.lock",
				"${PODS_ROOT}/Manifest.lock",
			);
			name = "[CP] Check Pods Manifest.lock";
			outputFileListPaths = (
			);
			outputPaths = (
				"$(DERIVED_FILE_DIR)/Pods-MyWheels-checkManifestLockResult.txt",
			);
			runOnlyForDeploymentPostprocessing = 0;
			shellPath = /bin/sh;
			shellScript = "diff \"${PODS_PODFILE_DIR_PATH}/Podfile.lock\" \"${PODS_ROOT}/Manifest.lock\" > /dev/null\nif [ $? != 0 ] ; then\n    # print error to STDERR\n    echo \"error: The sandbox is not in sync with the Podfile.lock. Run 'pod install' or update your CocoaPods installation.\" >&2\n    exit 1\nfi\n# This output is used by Xcode 'outputs' to avoid re-running this script phase.\necho \"SUCCESS\" > \"${SCRIPT_OUTPUT_FILE_0}\"\n";
			showEnvVarsInLog = 0;
		};
		D19668DDA076F2D07A1BBA18 /* [CP] Embed Pods Frameworks */ = {
			isa = PBXShellScriptBuildPhase;
			buildActionMask = 2147483647;
			files = (
			);
			inputFileListPaths = (
				"${PODS_ROOT}/Target Support Files/Pods-MyWheels/Pods-MyWheels-frameworks-${CONFIGURATION}-input-files.xcfilelist",
			);
			name = "[CP] Embed Pods Frameworks";
			outputFileListPaths = (
				"${PODS_ROOT}/Target Support Files/Pods-MyWheels/Pods-MyWheels-frameworks-${CONFIGURATION}-output-files.xcfilelist",
			);
			runOnlyForDeploymentPostprocessing = 0;
			shellPath = /bin/sh;
			shellScript = "\"${PODS_ROOT}/Target Support Files/Pods-MyWheels/Pods-MyWheels-frameworks.sh\"\n";
			showEnvVarsInLog = 0;
		};
/* End PBXShellScriptBuildPhase section */

/* Begin PBXSourcesBuildPhase section */
		65863D2E25E3B1850075DC6C /* Sources */ = {
			isa = PBXSourcesBuildPhase;
			buildActionMask = 2147483647;
			files = (
				04599FC225EA164100C71E2B /* BatteryViewController.swift in Sources */,
				04BC983825EF869600DBB9FA /* VehicleDetailsVC.swift in Sources */,
				04BC983D25EF870000DBB9FA /* InsuranceCell.swift in Sources */,
				04393C9525E8F3B9001ED80A /* AddVehicleVC.swift in Sources */,
				04599FBC25EA15B200C71E2B /* PollutionViewController.swift in Sources */,
				0457C2FE25F637B4006CAC2A /* UIImage + Extension.swift in Sources */,
				65863D4E25E3B78B0075DC6C /* Constants.swift in Sources */,
				04BC984025EF871B00DBB9FA /* RCDetailsCell.swift in Sources */,
				65863D5B25E4E2550075DC6C /* HomeVC.swift in Sources */,
				04BC984325EF872700DBB9FA /* PollutionCell.swift in Sources */,
				04599FBF25EA160700C71E2B /* ServicingViewController.swift in Sources */,
				04BC984625EF874500DBB9FA /* ServicingDetailsCell.swift in Sources */,
				044656882600B5910041679F /* LoadingOverLay.swift in Sources */,
				65BB2E5125E7B8A4003FBC89 /* MenuTableViewCell.swift in Sources */,
				65863D3625E3B1860075DC6C /* AppDelegate.swift in Sources */,
				65863D3825E3B1860075DC6C /* SceneDelegate.swift in Sources */,
				65863D5E25E4E4F20075DC6C /* MenuVC.swift in Sources */,
				04599FCA25EA42F500C71E2B /* UIViewController + Extensions.swift in Sources */,
				04393C9025E8F300001ED80A /* CustomTextFields.swift in Sources */,
				04393C8825E8D86A001ED80A /* CoreDataManager.swift in Sources */,
				04393CA225E917AA001ED80A /* RCViewController.swift in Sources */,
				04599FB925EA159400C71E2B /* InsuranceViewController.swift in Sources */,
				65B858AD25E8B6AA008E8DDC /* HomeTableViewCell.swift in Sources */,
				04599FC525EA3B4A00C71E2B /* CustomImageView.swift in Sources */,
				65863D4025E3B1870075DC6C /* MyWheels.xcdatamodeld in Sources */,
			);
			runOnlyForDeploymentPostprocessing = 0;
		};
/* End PBXSourcesBuildPhase section */

/* Begin PBXVariantGroup section */
		65863D3B25E3B1870075DC6C /* Main.storyboard */ = {
			isa = PBXVariantGroup;
			children = (
				65863D3C25E3B1870075DC6C /* Base */,
			);
			name = Main.storyboard;
			sourceTree = "<group>";
		};
		65863D4325E3B1B90075DC6C /* LaunchScreen.storyboard */ = {
			isa = PBXVariantGroup;
			children = (
				65863D4425E3B1B90075DC6C /* Base */,
			);
			name = LaunchScreen.storyboard;
			sourceTree = "<group>";
		};
/* End PBXVariantGroup section */

/* Begin XCBuildConfiguration section */
		65863D4725E3B1B90075DC6C /* Debug */ = {
			isa = XCBuildConfiguration;
			buildSettings = {
				ALWAYS_SEARCH_USER_PATHS = NO;
				CLANG_ANALYZER_NONNULL = YES;
				CLANG_ANALYZER_NUMBER_OBJECT_CONVERSION = YES_AGGRESSIVE;
				CLANG_CXX_LANGUAGE_STANDARD = "gnu++14";
				CLANG_CXX_LIBRARY = "libc++";
				CLANG_ENABLE_MODULES = YES;
				CLANG_ENABLE_OBJC_ARC = YES;
				CLANG_ENABLE_OBJC_WEAK = YES;
				CLANG_WARN_BLOCK_CAPTURE_AUTORELEASING = YES;
				CLANG_WARN_BOOL_CONVERSION = YES;
				CLANG_WARN_COMMA = YES;
				CLANG_WARN_CONSTANT_CONVERSION = YES;
				CLANG_WARN_DEPRECATED_OBJC_IMPLEMENTATIONS = YES;
				CLANG_WARN_DIRECT_OBJC_ISA_USAGE = YES_ERROR;
				CLANG_WARN_DOCUMENTATION_COMMENTS = YES;
				CLANG_WARN_EMPTY_BODY = YES;
				CLANG_WARN_ENUM_CONVERSION = YES;
				CLANG_WARN_INFINITE_RECURSION = YES;
				CLANG_WARN_INT_CONVERSION = YES;
				CLANG_WARN_NON_LITERAL_NULL_CONVERSION = YES;
				CLANG_WARN_OBJC_IMPLICIT_RETAIN_SELF = YES;
				CLANG_WARN_OBJC_LITERAL_CONVERSION = YES;
				CLANG_WARN_OBJC_ROOT_CLASS = YES_ERROR;
				CLANG_WARN_QUOTED_INCLUDE_IN_FRAMEWORK_HEADER = YES;
				CLANG_WARN_RANGE_LOOP_ANALYSIS = YES;
				CLANG_WARN_STRICT_PROTOTYPES = YES;
				CLANG_WARN_SUSPICIOUS_MOVE = YES;
				CLANG_WARN_UNGUARDED_AVAILABILITY = YES_AGGRESSIVE;
				CLANG_WARN_UNREACHABLE_CODE = YES;
				CLANG_WARN__DUPLICATE_METHOD_MATCH = YES;
				COPY_PHASE_STRIP = NO;
				DEBUG_INFORMATION_FORMAT = dwarf;
				ENABLE_STRICT_OBJC_MSGSEND = YES;
				ENABLE_TESTABILITY = YES;
				GCC_C_LANGUAGE_STANDARD = gnu11;
				GCC_DYNAMIC_NO_PIC = NO;
				GCC_NO_COMMON_BLOCKS = YES;
				GCC_OPTIMIZATION_LEVEL = 0;
				GCC_PREPROCESSOR_DEFINITIONS = (
					"DEBUG=1",
					"$(inherited)",
				);
				GCC_WARN_64_TO_32_BIT_CONVERSION = YES;
				GCC_WARN_ABOUT_RETURN_TYPE = YES_ERROR;
				GCC_WARN_UNDECLARED_SELECTOR = YES;
				GCC_WARN_UNINITIALIZED_AUTOS = YES_AGGRESSIVE;
				GCC_WARN_UNUSED_FUNCTION = YES;
				GCC_WARN_UNUSED_VARIABLE = YES;
				IPHONEOS_DEPLOYMENT_TARGET = 14.1;
				MTL_ENABLE_DEBUG_INFO = INCLUDE_SOURCE;
				MTL_FAST_MATH = YES;
				ONLY_ACTIVE_ARCH = YES;
				SDKROOT = iphoneos;
				SWIFT_ACTIVE_COMPILATION_CONDITIONS = DEBUG;
				SWIFT_OPTIMIZATION_LEVEL = "-Onone";
			};
			name = Debug;
		};
		65863D4825E3B1B90075DC6C /* Release */ = {
			isa = XCBuildConfiguration;
			buildSettings = {
				ALWAYS_SEARCH_USER_PATHS = NO;
				CLANG_ANALYZER_NONNULL = YES;
				CLANG_ANALYZER_NUMBER_OBJECT_CONVERSION = YES_AGGRESSIVE;
				CLANG_CXX_LANGUAGE_STANDARD = "gnu++14";
				CLANG_CXX_LIBRARY = "libc++";
				CLANG_ENABLE_MODULES = YES;
				CLANG_ENABLE_OBJC_ARC = YES;
				CLANG_ENABLE_OBJC_WEAK = YES;
				CLANG_WARN_BLOCK_CAPTURE_AUTORELEASING = YES;
				CLANG_WARN_BOOL_CONVERSION = YES;
				CLANG_WARN_COMMA = YES;
				CLANG_WARN_CONSTANT_CONVERSION = YES;
				CLANG_WARN_DEPRECATED_OBJC_IMPLEMENTATIONS = YES;
				CLANG_WARN_DIRECT_OBJC_ISA_USAGE = YES_ERROR;
				CLANG_WARN_DOCUMENTATION_COMMENTS = YES;
				CLANG_WARN_EMPTY_BODY = YES;
				CLANG_WARN_ENUM_CONVERSION = YES;
				CLANG_WARN_INFINITE_RECURSION = YES;
				CLANG_WARN_INT_CONVERSION = YES;
				CLANG_WARN_NON_LITERAL_NULL_CONVERSION = YES;
				CLANG_WARN_OBJC_IMPLICIT_RETAIN_SELF = YES;
				CLANG_WARN_OBJC_LITERAL_CONVERSION = YES;
				CLANG_WARN_OBJC_ROOT_CLASS = YES_ERROR;
				CLANG_WARN_QUOTED_INCLUDE_IN_FRAMEWORK_HEADER = YES;
				CLANG_WARN_RANGE_LOOP_ANALYSIS = YES;
				CLANG_WARN_STRICT_PROTOTYPES = YES;
				CLANG_WARN_SUSPICIOUS_MOVE = YES;
				CLANG_WARN_UNGUARDED_AVAILABILITY = YES_AGGRESSIVE;
				CLANG_WARN_UNREACHABLE_CODE = YES;
				CLANG_WARN__DUPLICATE_METHOD_MATCH = YES;
				COPY_PHASE_STRIP = NO;
				DEBUG_INFORMATION_FORMAT = "dwarf-with-dsym";
				ENABLE_NS_ASSERTIONS = NO;
				ENABLE_STRICT_OBJC_MSGSEND = YES;
				GCC_C_LANGUAGE_STANDARD = gnu11;
				GCC_NO_COMMON_BLOCKS = YES;
				GCC_WARN_64_TO_32_BIT_CONVERSION = YES;
				GCC_WARN_ABOUT_RETURN_TYPE = YES_ERROR;
				GCC_WARN_UNDECLARED_SELECTOR = YES;
				GCC_WARN_UNINITIALIZED_AUTOS = YES_AGGRESSIVE;
				GCC_WARN_UNUSED_FUNCTION = YES;
				GCC_WARN_UNUSED_VARIABLE = YES;
				IPHONEOS_DEPLOYMENT_TARGET = 14.1;
				MTL_ENABLE_DEBUG_INFO = NO;
				MTL_FAST_MATH = YES;
				SDKROOT = iphoneos;
				SWIFT_COMPILATION_MODE = wholemodule;
				SWIFT_OPTIMIZATION_LEVEL = "-O";
				VALIDATE_PRODUCT = YES;
			};
			name = Release;
		};
		65863D4A25E3B1B90075DC6C /* Debug */ = {
			isa = XCBuildConfiguration;
			baseConfigurationReference = 320A65FD49422F81EABA5ED6 /* Pods-MyWheels.debug.xcconfig */;
			buildSettings = {
				ASSETCATALOG_COMPILER_APPICON_NAME = AppIcon;
				ASSETCATALOG_COMPILER_GLOBAL_ACCENT_COLOR_NAME = AccentColor;
				CODE_SIGN_STYLE = Automatic;
				DEVELOPMENT_TEAM = RH6LF4GV53;
				INFOPLIST_FILE = MyWheels/Info.plist;
				IPHONEOS_DEPLOYMENT_TARGET = 13.0;
				LD_RUNPATH_SEARCH_PATHS = (
					"$(inherited)",
					"@executable_path/Frameworks",
				);
				PRODUCT_BUNDLE_IDENTIFIER = com.cgg.gov.in.MyWheels;
				PRODUCT_NAME = "$(TARGET_NAME)";
				SWIFT_VERSION = 5.0;
				TARGETED_DEVICE_FAMILY = "1,2";
			};
			name = Debug;
		};
		65863D4B25E3B1B90075DC6C /* Release */ = {
			isa = XCBuildConfiguration;
			baseConfigurationReference = 6528F0E3C49F46541B8349AE /* Pods-MyWheels.release.xcconfig */;
			buildSettings = {
				ASSETCATALOG_COMPILER_APPICON_NAME = AppIcon;
				ASSETCATALOG_COMPILER_GLOBAL_ACCENT_COLOR_NAME = AccentColor;
				CODE_SIGN_STYLE = Automatic;
				DEVELOPMENT_TEAM = RH6LF4GV53;
				INFOPLIST_FILE = MyWheels/Info.plist;
				IPHONEOS_DEPLOYMENT_TARGET = 13.0;
				LD_RUNPATH_SEARCH_PATHS = (
					"$(inherited)",
					"@executable_path/Frameworks",
				);
				PRODUCT_BUNDLE_IDENTIFIER = com.cgg.gov.in.MyWheels;
				PRODUCT_NAME = "$(TARGET_NAME)";
				SWIFT_VERSION = 5.0;
				TARGETED_DEVICE_FAMILY = "1,2";
			};
			name = Release;
		};
/* End XCBuildConfiguration section */

/* Begin XCConfigurationList section */
		65863D2D25E3B1840075DC6C /* Build configuration list for PBXProject "MyWheels" */ = {
			isa = XCConfigurationList;
			buildConfigurations = (
				65863D4725E3B1B90075DC6C /* Debug */,
				65863D4825E3B1B90075DC6C /* Release */,
			);
			defaultConfigurationIsVisible = 0;
			defaultConfigurationName = Release;
		};
		65863D4925E3B1B90075DC6C /* Build configuration list for PBXNativeTarget "MyWheels" */ = {
			isa = XCConfigurationList;
			buildConfigurations = (
				65863D4A25E3B1B90075DC6C /* Debug */,
				65863D4B25E3B1B90075DC6C /* Release */,
			);
			defaultConfigurationIsVisible = 0;
			defaultConfigurationName = Release;
		};
/* End XCConfigurationList section */

/* Begin XCVersionGroup section */
		65863D3E25E3B1870075DC6C /* MyWheels.xcdatamodeld */ = {
			isa = XCVersionGroup;
			children = (
				65863D3F25E3B1870075DC6C /* MyWheels.xcdatamodel */,
			);
			currentVersion = 65863D3F25E3B1870075DC6C /* MyWheels.xcdatamodel */;
			path = MyWheels.xcdatamodeld;
			sourceTree = "<group>";
			versionGroupType = wrapper.xcdatamodel;
		};
/* End XCVersionGroup section */
	};
	rootObject = 65863D2A25E3B1840075DC6C /* Project object */;
}
